{
  "name": "application-name",
  "version": "0.0.1",
  "lockfileVersion": 1,
  "requires": true,
  "dependencies": {
    "append-field": {
      "version": "0.1.0",
      "resolved": "http://r.cnpmjs.org/append-field/download/append-field-0.1.0.tgz",
      "integrity": "sha1-bdxY+gg8e8VF08WZWygwzCNm1Eo="
    },
    "batch": {
      "version": "0.5.0",
      "resolved": "http://r.cnpmjs.org/batch/download/batch-0.5.0.tgz",
      "integrity": "sha1-/S4Fp6XWlrTbkxQBPihdj/NVfsM="
    },
    "body-parser": {
      "version": "1.0.2",
      "resolved": "http://r.cnpmjs.org/body-parser/download/body-parser-1.0.2.tgz",
      "integrity": "sha1-NGFHmjJ4/gD8rr7DMUu1T8T3tHw=",
      "requires": {
        "qs": "0.6.6",
        "raw-body": "1.1.7",
        "type-is": "1.1.0"
      }
    },
    "buffer-crc32": {
      "version": "0.2.1",
      "resolved": "http://r.cnpmjs.org/buffer-crc32/download/buffer-crc32-0.2.1.tgz",
      "integrity": "sha1-vj5TgvwCttYySVasGvmKqYsIU0w="
    },
    "busboy": {
      "version": "0.2.14",
      "resolved": "http://r.cnpmjs.org/busboy/download/busboy-0.2.14.tgz",
      "integrity": "sha1-bCpiLvz0fFe7vh4qnDetNseSVFM=",
      "requires": {
        "dicer": "0.2.5",
        "readable-stream": "1.1.14"
      }
    },
    "bytes": {
      "version": "1.0.0",
      "resolved": "http://r.cnpmjs.org/bytes/download/bytes-1.0.0.tgz",
      "integrity": "sha1-NWnt6Lo0MV+rmcPpLLBMciDeH6g="
    },
    "commander": {
      "version": "1.3.2",
      "resolved": "http://r.cnpmjs.org/commander/download/commander-1.3.2.tgz",
      "integrity": "sha1-io8w7GcKb91kr1LxkUuQfXnq1bU=",
      "requires": {
        "keypress": "0.1.0"
      }
    },
    "concat-stream": {
      "version": "1.6.0",
      "resolved": "http://r.cnpmjs.org/concat-stream/download/concat-stream-1.6.0.tgz",
      "integrity": "sha1-CqxmL9Ur54lk1VMvaUeE5wEQrPc=",
      "requires": {
        "inherits": "2.0.3",
        "readable-stream": "2.3.3",
        "typedarray": "0.0.6"
      },
      "dependencies": {
        "isarray": {
          "version": "1.0.0",
          "resolved": "http://r.cnpmjs.org/isarray/download/isarray-1.0.0.tgz",
          "integrity": "sha1-u5NdSFgsuhaMBoNJV6VKPgcSTxE="
        },
        "readable-stream": {
          "version": "2.3.3",
          "resolved": "http://r.cnpmjs.org/readable-stream/download/readable-stream-2.3.3.tgz",
          "integrity": "sha1-No8lEtefnUb9/HE0mueHi7weuVw=",
          "requires": {
            "core-util-is": "1.0.2",
            "inherits": "2.0.3",
            "isarray": "1.0.0",
            "process-nextick-args": "1.0.7",
            "safe-buffer": "5.1.1",
            "string_decoder": "1.0.3",
            "util-deprecate": "1.0.2"
          }
        },
        "string_decoder": {
          "version": "1.0.3",
          "resolved": "http://r.cnpmjs.org/string_decoder/download/string_decoder-1.0.3.tgz",
          "integrity": "sha1-D8Z9fBQYJd6UKC3VNr7GubzoYKs=",
          "requires": {
            "safe-buffer": "5.1.1"
          }
        }
      }
    },
    "connect": {
      "version": "2.12.0",
      "resolved": "http://r.cnpmjs.org/connect/download/connect-2.12.0.tgz",
      "integrity": "sha1-Mdj6DcrN8ZCNgivSkjvootKn7Zo=",
      "requires": {
        "batch": "0.5.0",
        "buffer-crc32": "0.2.1",
        "bytes": "0.2.1",
        "cookie": "0.1.0",
        "cookie-signature": "1.0.1",
        "debug": "0.7.4",
        "fresh": "0.2.0",
        "methods": "0.1.0",
        "multiparty": "2.2.0",
        "negotiator": "0.3.0",
        "pause": "0.0.1",
        "qs": "0.6.6",
        "raw-body": "1.1.2",
        "send": "0.1.4",
        "uid2": "0.0.3"
      },
      "dependencies": {
        "bytes": {
          "version": "0.2.1",
          "resolved": "http://r.cnpmjs.org/bytes/download/bytes-0.2.1.tgz",
          "integrity": "sha1-VVsIq8sGP4l1kFMCUj5M1P/f3zE="
        },
        "cookie-signature": {
          "version": "1.0.1",
          "resolved": "http://r.cnpmjs.org/cookie-signature/download/cookie-signature-1.0.1.tgz",
          "integrity": "sha1-ROByFIrwHm6OJK+/EmkNaK5pjss="
        },
        "raw-body": {
          "version": "1.1.2",
          "resolved": "http://r.cnpmjs.org/raw-body/download/raw-body-1.1.2.tgz",
          "integrity": "sha1-x0swBN6l3v0WlhcRBqx0DsMdYr4=",
          "requires": {
            "bytes": "0.2.1"
          }
        }
      }
    },
    "cookie": {
      "version": "0.1.0",
      "resolved": "http://r.cnpmjs.org/cookie/download/cookie-0.1.0.tgz",
      "integrity": "sha1-kOtGndzpBchm3mh+/EMTHYgB+dA="
    },
    "cookie-parser": {
      "version": "1.0.1",
      "resolved": "http://r.cnpmjs.org/cookie-parser/download/cookie-parser-1.0.1.tgz",
      "integrity": "sha1-F71iLJcXzQhYqRKp/vTANiNgp7A=",
      "requires": {
        "cookie": "0.1.0",
        "cookie-signature": "1.0.3"
      }
    },
    "cookie-signature": {
      "version": "1.0.3",
      "resolved": "http://r.cnpmjs.org/cookie-signature/download/cookie-signature-1.0.3.tgz",
      "integrity": "sha1-kc2ZfMUftkFZVzjGnNoCAyj1D/k="
    },
    "core-util-is": {
      "version": "1.0.2",
      "resolved": "http://r.cnpmjs.org/core-util-is/download/core-util-is-1.0.2.tgz",
      "integrity": "sha1-tf1UIgqivFq1eqtxQMlAdUUDwac="
    },
    "debug": {
      "version": "0.7.4",
      "resolved": "http://r.cnpmjs.org/debug/download/debug-0.7.4.tgz",
      "integrity": "sha1-BuHqgILCyxTjmAbiLi9vdX+Srzk="
    },
    "dicer": {
      "version": "0.2.5",
      "resolved": "http://r.cnpmjs.org/dicer/download/dicer-0.2.5.tgz",
      "integrity": "sha1-WZbAhrszIYyBLAkL3cCc0S+stw8=",
      "requires": {
        "readable-stream": "1.1.14",
        "streamsearch": "0.1.2"
      }
    },
    "ee-first": {
      "version": "1.1.1",
      "resolved": "http://r.cnpmjs.org/ee-first/download/ee-first-1.1.1.tgz",
      "integrity": "sha1-WQxhFWsK4vTwJVcyoViyZrxWsh0="
    },
    "ejs": {
      "version": "0.8.8",
      "resolved": "http://r.cnpmjs.org/ejs/download/ejs-0.8.8.tgz",
      "integrity": "sha1-/9xW3MNdApJt1QrRNDm7xUBh1Zg="
    },
    "express": {
      "version": "3.4.8",
      "resolved": "http://r.cnpmjs.org/express/download/express-3.4.8.tgz",
      "integrity": "sha1-qnqJht4HBTM39Lxe2aZFPZzI4uE=",
      "requires": {
        "buffer-crc32": "0.2.1",
        "commander": "1.3.2",
        "connect": "2.12.0",
        "cookie": "0.1.0",
        "cookie-signature": "1.0.1",
        "debug": "0.7.4",
        "fresh": "0.2.0",
        "merge-descriptors": "0.0.1",
        "methods": "0.1.0",
        "mkdirp": "0.3.5",
        "range-parser": "0.0.4",
        "send": "0.1.4"
      },
      "dependencies": {
        "cookie-signature": {
          "version": "1.0.1",
          "resolved": "http://r.cnpmjs.org/cookie-signature/download/cookie-signature-1.0.1.tgz",
          "integrity": "sha1-ROByFIrwHm6OJK+/EmkNaK5pjss="
        }
      }
    },
    "fresh": {
      "version": "0.2.0",
      "resolved": "http://r.cnpmjs.org/fresh/download/fresh-0.2.0.tgz",
      "integrity": "sha1-v9lALPPfEsSkwxDHn5mj3eE9NKc="
    },
    "inherits": {
      "version": "2.0.3",
      "resolved": "http://r.cnpmjs.org/inherits/download/inherits-2.0.3.tgz",
      "integrity": "sha1-Yzwsg+PaQqUC9SRmAiSA9CCCYd4="
    },
    "isarray": {
      "version": "0.0.1",
      "resolved": "http://r.cnpmjs.org/isarray/download/isarray-0.0.1.tgz",
      "integrity": "sha1-ihis/Kmo9Bd+Cav8YDiTmwXR7t8="
    },
    "keypress": {
      "version": "0.1.0",
      "resolved": "http://r.cnpmjs.org/keypress/download/keypress-0.1.0.tgz",
      "integrity": "sha1-SjGI1CkbZrT2XtuZ+AaqmuKTWSo="
    },
    "media-typer": {
      "version": "0.3.0",
      "resolved": "http://r.cnpmjs.org/media-typer/download/media-typer-0.3.0.tgz",
      "integrity": "sha1-hxDXrwqmJvj/+hzgAWhUUmMlV0g="
    },
    "merge-descriptors": {
      "version": "0.0.1",
      "resolved": "http://r.cnpmjs.org/merge-descriptors/download/merge-descriptors-0.0.1.tgz",
      "integrity": "sha1-L/CYDJJM+B0LXR+2ARd8uLtWwNA="
    },
    "methods": {
      "version": "0.1.0",
      "resolved": "http://r.cnpmjs.org/methods/download/methods-0.1.0.tgz",
      "integrity": "sha1-M11Cnu/SG3us8unJIqjSvRSjDk8="
    },
    "mime": {
      "version": "1.3.6",
      "resolved": "http://r.cnpmjs.org/mime/download/mime-1.3.6.tgz",
      "integrity": "sha1-WR2E02U6awtKO5343lqoEI5y5eA="
    },
    "mime-db": {
      "version": "1.29.0",
      "resolved": "http://r.cnpmjs.org/mime-db/download/mime-db-1.29.0.tgz",
      "integrity": "sha1-SNJtI1WJZRcErFkWygYAGRQmaHg="
    },
    "mime-types": {
      "version": "2.1.16",
      "resolved": "http://r.cnpmjs.org/mime-types/download/mime-types-2.1.16.tgz",
      "integrity": "sha1-K4WKUuXs1RbbiXrCvodIeDBpjiM=",
      "requires": {
        "mime-db": "1.29.0"
      }
    },
    "minimist": {
      "version": "0.0.8",
      "resolved": "http://r.cnpmjs.org/minimist/download/minimist-0.0.8.tgz",
      "integrity": "sha1-hX/Kv8M5fSYluCKCYuhqp6ARsF0="
    },
    "mkdirp": {
      "version": "0.3.5",
      "resolved": "http://r.cnpmjs.org/mkdirp/download/mkdirp-0.3.5.tgz",
      "integrity": "sha1-3j5fiWHIjHh+4TaN+EmsRBPsqNc="
    },
    "mongoskin": {
      "version": "2.1.0",
      "resolved": "http://r.cnpmjs.org/mongoskin/download/mongoskin-2.1.0.tgz",
      "integrity": "sha1-H9poFLId5T42tDlvYSbJecXp7mA="
    },
    "morgan": {
      "version": "1.0.1",
      "resolved": "http://r.cnpmjs.org/morgan/download/morgan-1.0.1.tgz",
      "integrity": "sha1-glCl1xHeYlRTAilFNE1NZ2JjDGQ=",
      "requires": {
        "bytes": "0.3.0"
      },
      "dependencies": {
        "bytes": {
          "version": "0.3.0",
          "resolved": "http://r.cnpmjs.org/bytes/download/bytes-0.3.0.tgz",
          "integrity": "sha1-eOLg4ox/nHuYjqiu4NtNX6mUGTU="
        }
      }
    },
    "multer": {
      "version": "1.3.0",
      "resolved": "http://r.cnpmjs.org/multer/download/multer-1.3.0.tgz",
      "integrity": "sha1-CSsmcPaEb6SRSWXvyM+Uwg/sbNI=",
      "requires": {
        "append-field": "0.1.0",
        "busboy": "0.2.14",
        "concat-stream": "1.6.0",
        "mkdirp": "0.5.1",
        "object-assign": "3.0.0",
        "on-finished": "2.3.0",
        "type-is": "1.6.15",
        "xtend": "4.0.1"
      },
      "dependencies": {
        "mkdirp": {
          "version": "0.5.1",
          "resolved": "http://r.cnpmjs.org/mkdirp/download/mkdirp-0.5.1.tgz",
          "integrity": "sha1-MAV0OOrGz3+MR2fzhkjWaX11yQM=",
          "requires": {
            "minimist": "0.0.8"
          }
        },
        "type-is": {
          "version": "1.6.15",
          "resolved": "http://r.cnpmjs.org/type-is/download/type-is-1.6.15.tgz",
          "integrity": "sha1-yrEPtJCeRByChC6v4a1kbIGARBA=",
          "requires": {
            "media-typer": "0.3.0",
            "mime-types": "2.1.16"
          }
        }
      }
    },
    "multiparty": {
      "version": "2.2.0",
      "resolved": "http://r.cnpmjs.org/multiparty/download/multiparty-2.2.0.tgz",
      "integrity": "sha1-pWfCrwAK0i3I8qZT2Rl4rh9TFvQ=",
      "requires": {
        "readable-stream": "1.1.14",
        "stream-counter": "0.2.0"
      }
    },
    "negotiator": {
      "version": "0.3.0",
      "resolved": "http://r.cnpmjs.org/negotiator/download/negotiator-0.3.0.tgz",
      "integrity": "sha1-cG1pLv7d9XTVfqn7GriaT6fuj2A="
    },
    "object-assign": {
      "version": "3.0.0",
      "resolved": "http://r.cnpmjs.org/object-assign/download/object-assign-3.0.0.tgz",
      "integrity": "sha1-m+3VygiXlJvKR+f/QIBi1Un1h/I="
    },
    "on-finished": {
      "version": "2.3.0",
      "resolved": "http://r.cnpmjs.org/on-finished/download/on-finished-2.3.0.tgz",
      "integrity": "sha1-IPEzZIGwg811M3mSoWlxqi2QaUc=",
      "requires": {
        "ee-first": "1.1.1"
      }
    },
    "pause": {
      "version": "0.0.1",
      "resolved": "http://r.cnpmjs.org/pause/download/pause-0.0.1.tgz",
      "integrity": "sha1-HUCLP9t2kjuVQ9lvtMnf1TXZy10="
    },
    "process-nextick-args": {
      "version": "1.0.7",
      "resolved": "http://r.cnpmjs.org/process-nextick-args/download/process-nextick-args-1.0.7.tgz",
      "integrity": "sha1-FQ4gt1ZZCtP5EJPyWk8q2L/zC6M="
    },
    "qs": {
      "version": "0.6.6",
      "resolved": "http://r.cnpmjs.org/qs/download/qs-0.6.6.tgz",
      "integrity": "sha1-bgFQmP9RlouKPIGQAdXyyJvEsQc="
    },
    "range-parser": {
      "version": "0.0.4",
      "resolved": "http://r.cnpmjs.org/range-parser/download/range-parser-0.0.4.tgz",
      "integrity": "sha1-wEJ//vUcEKy6B4KkbJYC50T/Ygs="
    },
    "raw-body": {
      "version": "1.1.7",
      "resolved": "http://r.cnpmjs.org/raw-body/download/raw-body-1.1.7.tgz",
      "integrity": "sha1-HQJ8K/oRasxmI7yo8AAWVyqH1CU=",
      "requires": {
        "bytes": "1.0.0",
        "string_decoder": "0.10.31"
      }
    },
    "readable-stream": {
      "version": "1.1.14",
      "resolved": "http://r.cnpmjs.org/readable-stream/download/readable-stream-1.1.14.tgz",
      "integrity": "sha1-fPTFTvZI44EwhMY23SB54WbAgdk=",
      "requires": {
        "core-util-is": "1.0.2",
        "inherits": "2.0.3",
        "isarray": "0.0.1",
        "string_decoder": "0.10.31"
      }
    },
    "safe-buffer": {
      "version": "5.1.1",
      "resolved": "http://r.cnpmjs.org/safe-buffer/download/safe-buffer-5.1.1.tgz",
      "integrity": "sha1-iTMSr2myEj3vcfV4iQAWce6yyFM="
    },
    "send": {
      "version": "0.1.4",
      "resolved": "http://r.cnpmjs.org/send/download/send-0.1.4.tgz",
      "integrity": "sha1-vnDY0b4B3mGCGvE3gLUDRaT3Gr0=",
      "requires": {
        "debug": "0.7.4",
        "fresh": "0.2.0",
        "mime": "1.2.11",
        "range-parser": "0.0.4"
      },
      "dependencies": {
        "mime": {
          "version": "1.2.11",
          "resolved": "http://r.cnpmjs.org/mime/download/mime-1.2.11.tgz",
          "integrity": "sha1-WCA+7Ybjpe8XrtK32evUfwpg3RA="
        }
      }
    },
    "static-favicon": {
      "version": "1.0.2",
      "resolved": "http://r.cnpmjs.org/static-favicon/download/static-favicon-1.0.2.tgz",
      "integrity": "sha1-fBWSDdor8z9BSw5grrvWXN0qHS8="
    },
    "stream-counter": {
      "version": "0.2.0",
      "resolved": "http://r.cnpmjs.org/stream-counter/download/stream-counter-0.2.0.tgz",
      "integrity": "sha1-3tJmVWMZyLDiIoErnPOyb6fZR94=",
      "requires": {
        "readable-stream": "1.1.14"
      }
    },
    "streamsearch": {
      "version": "0.1.2",
      "resolved": "http://r.cnpmjs.org/streamsearch/download/streamsearch-0.1.2.tgz",
      "integrity": "sha1-gIudDlb8Jz2Am6VzOOkpkZoanxo="
    },
    "string_decoder": {
      "version": "0.10.31",
      "resolved": "http://r.cnpmjs.org/string_decoder/download/string_decoder-0.10.31.tgz",
      "integrity": "sha1-YuIDvEF2bGwoyfyEMB2rHFMQ+pQ="
    },
    "type-is": {
      "version": "1.1.0",
      "resolved": "http://r.cnpmjs.org/type-is/download/type-is-1.1.0.tgz",
      "integrity": "sha1-0CReyLJnZmjVndDPMlUGBnalfbY=",
      "requires": {
        "mime": "1.2.11"
      },
      "dependencies": {
        "mime": {
          "version": "1.2.11",
          "resolved": "http://r.cnpmjs.org/mime/download/mime-1.2.11.tgz",
          "integrity": "sha1-WCA+7Ybjpe8XrtK32evUfwpg3RA="
        }
      }
    },
    "typedarray": {
      "version": "0.0.6",
      "resolved": "http://r.cnpmjs.org/typedarray/download/typedarray-0.0.6.tgz",
      "integrity": "sha1-hnrHTjhkGHsdPUfZlqeOxciDB3c="
    },
    "uid2": {
      "version": "0.0.3",
      "resolved": "http://r.cnpmjs.org/uid2/download/uid2-0.0.3.tgz",
      "integrity": "sha1-SDEm4Rd03y9xuLY53NeZw3YWK4I="
    },
    "util-deprecate": {
      "version": "1.0.2",
      "resolved": "http://r.cnpmjs.org/util-deprecate/download/util-deprecate-1.0.2.tgz",
      "integrity": "sha1-RQ1Nyfpw3nMnYvvS1KKJgUGaDM8="
    },
    "xtend": {
      "version": "4.0.1",
      "resolved": "http://r.cnpmjs.org/xtend/download/xtend-4.0.1.tgz",
      "integrity": "sha1-pcbVMr5lbiPbgg77lDofBJmNY68="
    }
  }
}
